
Microsoft Visual Studio Solution File, Format Version 12.00
# Visual Studio Version 16
VisualStudioVersion = 16.0.31729.503
MinimumVisualStudioVersion = 10.0.40219.1
Project("{FAE04EC0-301F-11D3-BF4B-00C04F79EFBC}") = "FoodCompanyManagement.Server", "FoodCompanyManagement\Server\FoodCompanyManagement.Server.csproj", "{61F781F0-4003-4AF3-B795-C29A753080A7}"
EndProject
Project("{FAE04EC0-301F-11D3-BF4B-00C04F79EFBC}") = "FoodCompanyManagement.Client", "FoodCompanyManagement\Client\FoodCompanyManagement.Client.csproj", "{F5053B0C-19F2-4D68-A044-B18BEDDFF991}"
EndProject
Project("{FAE04EC0-301F-11D3-BF4B-00C04F79EFBC}") = "FoodCompanyManagement.Shared", "FoodCompanyManagement\Shared\FoodCompanyManagement.Shared.csproj", "{A03FE10F-9CA8-44BB-9AC1-AB59145924A1}"
EndProject
Global
	GlobalSection(SolutionConfigurationPlatforms) = preSolution
		Debug|Any CPU = Debug|Any CPU
		Release|Any CPU = Release|Any CPU
	EndGlobalSection
	GlobalSection(ProjectConfigurationPlatforms) = postSolution
		{61F781F0-4003-4AF3-B795-C29A753080A7}.Debug|Any CPU.ActiveCfg = Debug|Any CPU
		{61F781F0-4003-4AF3-B795-C29A753080A7}.Debug|Any CPU.Build.0 = Debug|Any CPU
		{61F781F0-4003-4AF3-B795-C29A753080A7}.Release|Any CPU.ActiveCfg = Release|Any CPU
		{61F781F0-4003-4AF3-B795-C29A753080A7}.Release|Any CPU.Build.0 = Release|Any CPU
		{F5053B0C-19F2-4D68-A044-B18BEDDFF991}.Debug|Any CPU.ActiveCfg = Debug|Any CPU
		{F5053B0C-19F2-4D68-A044-B18BEDDFF991}.Debug|Any CPU.Build.0 = Debug|Any CPU
		{F5053B0C-19F2-4D68-A044-B18BEDDFF991}.Release|Any CPU.ActiveCfg = Release|Any CPU
		{F5053B0C-19F2-4D68-A044-B18BEDDFF991}.Release|Any CPU.Build.0 = Release|Any CPU
		{A03FE10F-9CA8-44BB-9AC1-AB59145924A1}.Debug|Any CPU.ActiveCfg = Debug|Any CPU
		{A03FE10F-9CA8-44BB-9AC1-AB59145924A1}.Debug|Any CPU.Build.0 = Debug|Any CPU
		{A03FE10F-9CA8-44BB-9AC1-AB59145924A1}.Release|Any CPU.ActiveCfg = Release|Any CPU
		{A03FE10F-9CA8-44BB-9AC1-AB59145924A1}.Release|Any CPU.Build.0 = Release|Any CPU
	EndGlobalSection
	GlobalSection(SolutionProperties) = preSolution
		HideSolutionNode = FALSE
	EndGlobalSection
	GlobalSection(ExtensibilityGlobals) = postSolution
		SolutionGuid = {53110AEE-8638-4A8E-8758-97A9916615B7}
	EndGlobalSection
EndGlobal
